
Microsoft Visual Studio Solution File, Format Version 12.00
# Visual Studio Version 16
VisualStudioVersion = 16.0.30711.63
MinimumVisualStudioVersion = 10.0.40219.1
Project("{FAE04EC0-301F-11D3-BF4B-00C04F79EFBC}") = "CheckFilesConsoleApp1", "CheckFilesConsoleApp1\CheckFilesConsoleApp1.csproj", "{5FDBD2D5-B178-494A-ABA1-EF8EFD5CB2C6}"
EndProject
Global
	GlobalSection(SolutionConfigurationPlatforms) = preSolution
		Debug|Any CPU = Debug|Any CPU
		Release|Any CPU = Release|Any CPU
	EndGlobalSection
	GlobalSection(ProjectConfigurationPlatforms) = postSolution
		{5FDBD2D5-B178-494A-ABA1-EF8EFD5CB2C6}.Debug|Any CPU.ActiveCfg = Debug|Any CPU
		{5FDBD2D5-B178-494A-ABA1-EF8EFD5CB2C6}.Debug|Any CPU.Build.0 = Debug|Any CPU
		{5FDBD2D5-B178-494A-ABA1-EF8EFD5CB2C6}.Release|Any CPU.ActiveCfg = Release|Any CPU
		{5FDBD2D5-B178-494A-ABA1-EF8EFD5CB2C6}.Release|Any CPU.Build.0 = Release|Any CPU
	EndGlobalSection
	GlobalSection(SolutionProperties) = preSolution
		HideSolutionNode = FALSE
	EndGlobalSection
	GlobalSection(ExtensibilityGlobals) = postSolution
		SolutionGuid = {6A15B657-1B75-4EA6-8761-5F5198729FB6}
	EndGlobalSection
EndGlobal
